// !$*UTF8*$!
{
	archiveVersion = 1;
	classes = {
	};
	objectVersion = 50;
	objects = {

/* Begin PBXBuildFile section */
		D159AA37232CE69900461641 /* Networking+Rx.swift in Sources */ = {isa = PBXBuildFile; fileRef = D159AA36232CE69900461641 /* Networking+Rx.swift */; };
		D159AA3A232CF05B00461641 /* CollectionViewLayout.swift in Sources */ = {isa = PBXBuildFile; fileRef = D159AA39232CF05B00461641 /* CollectionViewLayout.swift */; };
		D159AA3C232CF52500461641 /* CircleDetailViewController.swift in Sources */ = {isa = PBXBuildFile; fileRef = D159AA3B232CF52500461641 /* CircleDetailViewController.swift */; };
		D159AA3E232CF53A00461641 /* CircleDetailViewController.storyboard in Resources */ = {isa = PBXBuildFile; fileRef = D159AA3D232CF53A00461641 /* CircleDetailViewController.storyboard */; };
		D159AA42232CF63400461641 /* CircleDetailImageCollectionViewCell.swift in Sources */ = {isa = PBXBuildFile; fileRef = D159AA40232CF63400461641 /* CircleDetailImageCollectionViewCell.swift */; };
		D159AA43232CF63400461641 /* CircleDetailImageCollectionViewCell.xib in Resources */ = {isa = PBXBuildFile; fileRef = D159AA41232CF63400461641 /* CircleDetailImageCollectionViewCell.xib */; };
		D187B8DC2336E31B00E2B837 /* UICollectionView+Extension.swift in Sources */ = {isa = PBXBuildFile; fileRef = D187B8DB2336E31B00E2B837 /* UICollectionView+Extension.swift */; };
		D1F96D562312E5BB008260E2 /* RxBlocking.framework in Frameworks */ = {isa = PBXBuildFile; fileRef = D1FF7DE72312E0E900BD2091 /* RxBlocking.framework */; };
		D1F96D572312E5BB008260E2 /* RxTest.framework in Frameworks */ = {isa = PBXBuildFile; fileRef = D1FF7DE82312E0E900BD2091 /* RxTest.framework */; };
		D1F96D642312FB97008260E2 /* Networking.swift in Sources */ = {isa = PBXBuildFile; fileRef = D1F96D632312FB97008260E2 /* Networking.swift */; };
		D1F96D6823141475008260E2 /* TBAPI.swift in Sources */ = {isa = PBXBuildFile; fileRef = D1F96D6723141475008260E2 /* TBAPI.swift */; };
		D1F96D6D2316036B008260E2 /* home.json in Resources */ = {isa = PBXBuildFile; fileRef = D1F96D6C2316036B008260E2 /* home.json */; };
		D1F96D7023160754008260E2 /* Home.swift in Sources */ = {isa = PBXBuildFile; fileRef = D1F96D6F23160754008260E2 /* Home.swift */; };
		D1F96D7223160768008260E2 /* Circle.swift in Sources */ = {isa = PBXBuildFile; fileRef = D1F96D7123160768008260E2 /* Circle.swift */; };
		D1F96D762316ADBD008260E2 /* Application.swift in Sources */ = {isa = PBXBuildFile; fileRef = D1F96D752316ADBD008260E2 /* Application.swift */; };
		D1F96D782316ADF0008260E2 /* RootViewController.swift in Sources */ = {isa = PBXBuildFile; fileRef = D1F96D772316ADF0008260E2 /* RootViewController.swift */; };
		D1F96D7E2316BB4A008260E2 /* StoryboardInstantiable.swift in Sources */ = {isa = PBXBuildFile; fileRef = D1F96D7D2316BB4A008260E2 /* StoryboardInstantiable.swift */; };
		D1F96D8223175584008260E2 /* UseCaseProvider.swift in Sources */ = {isa = PBXBuildFile; fileRef = D1F96D8123175584008260E2 /* UseCaseProvider.swift */; };
		D1F96D8523175902008260E2 /* LockViewController.swift in Sources */ = {isa = PBXBuildFile; fileRef = D1F96D8423175902008260E2 /* LockViewController.swift */; };
		D1F96D8723175909008260E2 /* LockViewController.storyboard in Resources */ = {isa = PBXBuildFile; fileRef = D1F96D8623175909008260E2 /* LockViewController.storyboard */; };
		D1F96D892317FD18008260E2 /* FadeTransitionable.swift in Sources */ = {isa = PBXBuildFile; fileRef = D1F96D882317FD18008260E2 /* FadeTransitionable.swift */; };
		D1F96D8D231801DC008260E2 /* HomeUseCase.swift in Sources */ = {isa = PBXBuildFile; fileRef = D1F96D8C231801DC008260E2 /* HomeUseCase.swift */; };
		D1F96D9323190D07008260E2 /* HomeCoverTableViewCell.swift in Sources */ = {isa = PBXBuildFile; fileRef = D1F96D9123190D07008260E2 /* HomeCoverTableViewCell.swift */; };
		D1F96D9423190D07008260E2 /* HomeCoverTableViewCell.xib in Resources */ = {isa = PBXBuildFile; fileRef = D1F96D9223190D07008260E2 /* HomeCoverTableViewCell.xib */; };
		D1F96D9723190D25008260E2 /* HomeDescriptionTableViewCell.swift in Sources */ = {isa = PBXBuildFile; fileRef = D1F96D9523190D25008260E2 /* HomeDescriptionTableViewCell.swift */; };
		D1F96D9823190D25008260E2 /* HomeDescriptionTableViewCell.xib in Resources */ = {isa = PBXBuildFile; fileRef = D1F96D9623190D25008260E2 /* HomeDescriptionTableViewCell.xib */; };
		D1F96D9B23190D51008260E2 /* CircleTableViewCell.swift in Sources */ = {isa = PBXBuildFile; fileRef = D1F96D9923190D51008260E2 /* CircleTableViewCell.swift */; };
		D1F96D9C23190D51008260E2 /* CircleTableViewCell.xib in Resources */ = {isa = PBXBuildFile; fileRef = D1F96D9A23190D51008260E2 /* CircleTableViewCell.xib */; };
		D1F96D9E23190D71008260E2 /* UITableView+Extension.swift in Sources */ = {isa = PBXBuildFile; fileRef = D1F96D9D23190D71008260E2 /* UITableView+Extension.swift */; };
		D1F96DA1231915FD008260E2 /* TagLabel.swift in Sources */ = {isa = PBXBuildFile; fileRef = D1F96DA0231915FD008260E2 /* TagLabel.swift */; };
		D1F96DA323192651008260E2 /* Nuke.framework in Frameworks */ = {isa = PBXBuildFile; fileRef = D1F96DA223192651008260E2 /* Nuke.framework */; };
		D1F96DA523192E92008260E2 /* LabelTableViewHeaderFooterView.swift in Sources */ = {isa = PBXBuildFile; fileRef = D1F96DA423192E92008260E2 /* LabelTableViewHeaderFooterView.swift */; };
		D1F96DA723192EA0008260E2 /* LabelTableViewHeaderFooterView.xib in Resources */ = {isa = PBXBuildFile; fileRef = D1F96DA623192EA0008260E2 /* LabelTableViewHeaderFooterView.xib */; };
		D1F96DA9231A43D3008260E2 /* error.json in Resources */ = {isa = PBXBuildFile; fileRef = D1F96DA8231A4307008260E2 /* error.json */; };
		D1F96DAB231A4F5C008260E2 /* ErrorResponse.swift in Sources */ = {isa = PBXBuildFile; fileRef = D1F96DAA231A4F5C008260E2 /* ErrorResponse.swift */; };
		D1F96DAD231A537B008260E2 /* APIError.swift in Sources */ = {isa = PBXBuildFile; fileRef = D1F96DAC231A537B008260E2 /* APIError.swift */; };
		D1FF7DB02312DB0400BD2091 /* AppDelegate.swift in Sources */ = {isa = PBXBuildFile; fileRef = D1FF7DAF2312DB0400BD2091 /* AppDelegate.swift */; };
		D1FF7DB22312DB0400BD2091 /* HomeViewController.swift in Sources */ = {isa = PBXBuildFile; fileRef = D1FF7DB12312DB0400BD2091 /* HomeViewController.swift */; };
		D1FF7DB52312DB0400BD2091 /* HomeViewController.storyboard in Resources */ = {isa = PBXBuildFile; fileRef = D1FF7DB32312DB0400BD2091 /* HomeViewController.storyboard */; };
		D1FF7DB72312DB0600BD2091 /* Assets.xcassets in Resources */ = {isa = PBXBuildFile; fileRef = D1FF7DB62312DB0600BD2091 /* Assets.xcassets */; };
		D1FF7DBA2312DB0600BD2091 /* LaunchScreen.storyboard in Resources */ = {isa = PBXBuildFile; fileRef = D1FF7DB82312DB0600BD2091 /* LaunchScreen.storyboard */; };
		D1FF7DC52312DB0600BD2091 /* TechBookFestClientTests.swift in Sources */ = {isa = PBXBuildFile; fileRef = D1FF7DC42312DB0600BD2091 /* TechBookFestClientTests.swift */; };
		D1FF7DD02312DB0600BD2091 /* TechBookFestClientUITests.swift in Sources */ = {isa = PBXBuildFile; fileRef = D1FF7DCF2312DB0600BD2091 /* TechBookFestClientUITests.swift */; };
		D1FF7DEA2312E0E900BD2091 /* ReactiveMoya.framework in Frameworks */ = {isa = PBXBuildFile; fileRef = D1FF7DDF2312E0E900BD2091 /* ReactiveMoya.framework */; };
		D1FF7DEB2312E0E900BD2091 /* RxRelay.framework in Frameworks */ = {isa = PBXBuildFile; fileRef = D1FF7DE02312E0E900BD2091 /* RxRelay.framework */; };
		D1FF7DEC2312E0E900BD2091 /* RxCocoa.framework in Frameworks */ = {isa = PBXBuildFile; fileRef = D1FF7DE12312E0E900BD2091 /* RxCocoa.framework */; };
		D1FF7DED2312E0E900BD2091 /* Moya.framework in Frameworks */ = {isa = PBXBuildFile; fileRef = D1FF7DE22312E0E900BD2091 /* Moya.framework */; };
		D1FF7DEE2312E0E900BD2091 /* Alamofire.framework in Frameworks */ = {isa = PBXBuildFile; fileRef = D1FF7DE32312E0E900BD2091 /* Alamofire.framework */; };
		D1FF7DEF2312E0E900BD2091 /* RxMoya.framework in Frameworks */ = {isa = PBXBuildFile; fileRef = D1FF7DE42312E0E900BD2091 /* RxMoya.framework */; };
		D1FF7DF02312E0E900BD2091 /* ReactiveSwift.framework in Frameworks */ = {isa = PBXBuildFile; fileRef = D1FF7DE52312E0E900BD2091 /* ReactiveSwift.framework */; };
		D1FF7DF12312E0E900BD2091 /* RxSwift.framework in Frameworks */ = {isa = PBXBuildFile; fileRef = D1FF7DE62312E0E900BD2091 /* RxSwift.framework */; };
/* End PBXBuildFile section */

/* Begin PBXContainerItemProxy section */
		D1FF7DC12312DB0600BD2091 /* PBXContainerItemProxy */ = {
			isa = PBXContainerItemProxy;
			containerPortal = D1FF7DA42312DB0400BD2091 /* Project object */;
			proxyType = 1;
			remoteGlobalIDString = D1FF7DAB2312DB0400BD2091;
			remoteInfo = TechBookFestClient;
		};
		D1FF7DCC2312DB0600BD2091 /* PBXContainerItemProxy */ = {
			isa = PBXContainerItemProxy;
			containerPortal = D1FF7DA42312DB0400BD2091 /* Project object */;
			proxyType = 1;
			remoteGlobalIDString = D1FF7DAB2312DB0400BD2091;
			remoteInfo = TechBookFestClient;
		};
/* End PBXContainerItemProxy section */

/* Begin PBXFileReference section */
		D159AA36232CE69900461641 /* Networking+Rx.swift */ = {isa = PBXFileReference; lastKnownFileType = sourcecode.swift; path = "Networking+Rx.swift"; sourceTree = "<group>"; };
		D159AA39232CF05B00461641 /* CollectionViewLayout.swift */ = {isa = PBXFileReference; lastKnownFileType = sourcecode.swift; path = CollectionViewLayout.swift; sourceTree = "<group>"; };
		D159AA3B232CF52500461641 /* CircleDetailViewController.swift */ = {isa = PBXFileReference; lastKnownFileType = sourcecode.swift; path = CircleDetailViewController.swift; sourceTree = "<group>"; };
		D159AA3D232CF53A00461641 /* CircleDetailViewController.storyboard */ = {isa = PBXFileReference; lastKnownFileType = file.storyboard; path = CircleDetailViewController.storyboard; sourceTree = "<group>"; };
		D159AA40232CF63400461641 /* CircleDetailImageCollectionViewCell.swift */ = {isa = PBXFileReference; lastKnownFileType = sourcecode.swift; path = CircleDetailImageCollectionViewCell.swift; sourceTree = "<group>"; };
		D159AA41232CF63400461641 /* CircleDetailImageCollectionViewCell.xib */ = {isa = PBXFileReference; lastKnownFileType = file.xib; path = CircleDetailImageCollectionViewCell.xib; sourceTree = "<group>"; };
		D187B8DB2336E31B00E2B837 /* UICollectionView+Extension.swift */ = {isa = PBXFileReference; lastKnownFileType = sourcecode.swift; path = "UICollectionView+Extension.swift"; sourceTree = "<group>"; };
		D1F96D632312FB97008260E2 /* Networking.swift */ = {isa = PBXFileReference; lastKnownFileType = sourcecode.swift; path = Networking.swift; sourceTree = "<group>"; };
		D1F96D6723141475008260E2 /* TBAPI.swift */ = {isa = PBXFileReference; lastKnownFileType = sourcecode.swift; path = TBAPI.swift; sourceTree = "<group>"; };
		D1F96D6C2316036B008260E2 /* home.json */ = {isa = PBXFileReference; fileEncoding = 4; lastKnownFileType = text.json; path = home.json; sourceTree = "<group>"; };
		D1F96D6F23160754008260E2 /* Home.swift */ = {isa = PBXFileReference; lastKnownFileType = sourcecode.swift; path = Home.swift; sourceTree = "<group>"; };
		D1F96D7123160768008260E2 /* Circle.swift */ = {isa = PBXFileReference; lastKnownFileType = sourcecode.swift; path = Circle.swift; sourceTree = "<group>"; };
		D1F96D752316ADBD008260E2 /* Application.swift */ = {isa = PBXFileReference; lastKnownFileType = sourcecode.swift; path = Application.swift; sourceTree = "<group>"; };
		D1F96D772316ADF0008260E2 /* RootViewController.swift */ = {isa = PBXFileReference; lastKnownFileType = sourcecode.swift; path = RootViewController.swift; sourceTree = "<group>"; };
		D1F96D7D2316BB4A008260E2 /* StoryboardInstantiable.swift */ = {isa = PBXFileReference; lastKnownFileType = sourcecode.swift; path = StoryboardInstantiable.swift; sourceTree = "<group>"; };
		D1F96D8123175584008260E2 /* UseCaseProvider.swift */ = {isa = PBXFileReference; lastKnownFileType = sourcecode.swift; path = UseCaseProvider.swift; sourceTree = "<group>"; };
		D1F96D8423175902008260E2 /* LockViewController.swift */ = {isa = PBXFileReference; lastKnownFileType = sourcecode.swift; path = LockViewController.swift; sourceTree = "<group>"; };
		D1F96D8623175909008260E2 /* LockViewController.storyboard */ = {isa = PBXFileReference; lastKnownFileType = file.storyboard; path = LockViewController.storyboard; sourceTree = "<group>"; };
		D1F96D882317FD18008260E2 /* FadeTransitionable.swift */ = {isa = PBXFileReference; lastKnownFileType = sourcecode.swift; path = FadeTransitionable.swift; sourceTree = "<group>"; };
		D1F96D8C231801DC008260E2 /* HomeUseCase.swift */ = {isa = PBXFileReference; lastKnownFileType = sourcecode.swift; path = HomeUseCase.swift; sourceTree = "<group>"; };
		D1F96D9123190D07008260E2 /* HomeCoverTableViewCell.swift */ = {isa = PBXFileReference; lastKnownFileType = sourcecode.swift; path = HomeCoverTableViewCell.swift; sourceTree = "<group>"; };
		D1F96D9223190D07008260E2 /* HomeCoverTableViewCell.xib */ = {isa = PBXFileReference; lastKnownFileType = file.xib; path = HomeCoverTableViewCell.xib; sourceTree = "<group>"; };
		D1F96D9523190D25008260E2 /* HomeDescriptionTableViewCell.swift */ = {isa = PBXFileReference; lastKnownFileType = sourcecode.swift; path = HomeDescriptionTableViewCell.swift; sourceTree = "<group>"; };
		D1F96D9623190D25008260E2 /* HomeDescriptionTableViewCell.xib */ = {isa = PBXFileReference; lastKnownFileType = file.xib; path = HomeDescriptionTableViewCell.xib; sourceTree = "<group>"; };
		D1F96D9923190D51008260E2 /* CircleTableViewCell.swift */ = {isa = PBXFileReference; lastKnownFileType = sourcecode.swift; path = CircleTableViewCell.swift; sourceTree = "<group>"; };
		D1F96D9A23190D51008260E2 /* CircleTableViewCell.xib */ = {isa = PBXFileReference; lastKnownFileType = file.xib; path = CircleTableViewCell.xib; sourceTree = "<group>"; };
		D1F96D9D23190D71008260E2 /* UITableView+Extension.swift */ = {isa = PBXFileReference; lastKnownFileType = sourcecode.swift; path = "UITableView+Extension.swift"; sourceTree = "<group>"; };
		D1F96DA0231915FD008260E2 /* TagLabel.swift */ = {isa = PBXFileReference; lastKnownFileType = sourcecode.swift; path = TagLabel.swift; sourceTree = "<group>"; };
		D1F96DA223192651008260E2 /* Nuke.framework */ = {isa = PBXFileReference; lastKnownFileType = wrapper.framework; name = Nuke.framework; path = Carthage/Build/iOS/Nuke.framework; sourceTree = "<group>"; };
		D1F96DA423192E92008260E2 /* LabelTableViewHeaderFooterView.swift */ = {isa = PBXFileReference; lastKnownFileType = sourcecode.swift; path = LabelTableViewHeaderFooterView.swift; sourceTree = "<group>"; };
		D1F96DA623192EA0008260E2 /* LabelTableViewHeaderFooterView.xib */ = {isa = PBXFileReference; lastKnownFileType = file.xib; path = LabelTableViewHeaderFooterView.xib; sourceTree = "<group>"; };
		D1F96DA8231A4307008260E2 /* error.json */ = {isa = PBXFileReference; lastKnownFileType = text.json; path = error.json; sourceTree = "<group>"; };
		D1F96DAA231A4F5C008260E2 /* ErrorResponse.swift */ = {isa = PBXFileReference; lastKnownFileType = sourcecode.swift; path = ErrorResponse.swift; sourceTree = "<group>"; };
		D1F96DAC231A537B008260E2 /* APIError.swift */ = {isa = PBXFileReference; lastKnownFileType = sourcecode.swift; path = APIError.swift; sourceTree = "<group>"; };
		D1FF7DAC2312DB0400BD2091 /* TechBookFestClient.app */ = {isa = PBXFileReference; explicitFileType = wrapper.application; includeInIndex = 0; path = TechBookFestClient.app; sourceTree = BUILT_PRODUCTS_DIR; };
		D1FF7DAF2312DB0400BD2091 /* AppDelegate.swift */ = {isa = PBXFileReference; lastKnownFileType = sourcecode.swift; path = AppDelegate.swift; sourceTree = "<group>"; };
		D1FF7DB12312DB0400BD2091 /* HomeViewController.swift */ = {isa = PBXFileReference; lastKnownFileType = sourcecode.swift; path = HomeViewController.swift; sourceTree = "<group>"; };
		D1FF7DB42312DB0400BD2091 /* Base */ = {isa = PBXFileReference; lastKnownFileType = file.storyboard; name = Base; path = Base.lproj/HomeViewController.storyboard; sourceTree = "<group>"; };
		D1FF7DB62312DB0600BD2091 /* Assets.xcassets */ = {isa = PBXFileReference; lastKnownFileType = folder.assetcatalog; path = Assets.xcassets; sourceTree = "<group>"; };
		D1FF7DB92312DB0600BD2091 /* Base */ = {isa = PBXFileReference; lastKnownFileType = file.storyboard; name = Base; path = Base.lproj/LaunchScreen.storyboard; sourceTree = "<group>"; };
		D1FF7DBB2312DB0600BD2091 /* Info.plist */ = {isa = PBXFileReference; lastKnownFileType = text.plist.xml; path = Info.plist; sourceTree = "<group>"; };
		D1FF7DC02312DB0600BD2091 /* TechBookFestClientTests.xctest */ = {isa = PBXFileReference; explicitFileType = wrapper.cfbundle; includeInIndex = 0; path = TechBookFestClientTests.xctest; sourceTree = BUILT_PRODUCTS_DIR; };
		D1FF7DC42312DB0600BD2091 /* TechBookFestClientTests.swift */ = {isa = PBXFileReference; lastKnownFileType = sourcecode.swift; path = TechBookFestClientTests.swift; sourceTree = "<group>"; };
		D1FF7DC62312DB0600BD2091 /* Info.plist */ = {isa = PBXFileReference; lastKnownFileType = text.plist.xml; path = Info.plist; sourceTree = "<group>"; };
		D1FF7DCB2312DB0600BD2091 /* TechBookFestClientUITests.xctest */ = {isa = PBXFileReference; explicitFileType = wrapper.cfbundle; includeInIndex = 0; path = TechBookFestClientUITests.xctest; sourceTree = BUILT_PRODUCTS_DIR; };
		D1FF7DCF2312DB0600BD2091 /* TechBookFestClientUITests.swift */ = {isa = PBXFileReference; lastKnownFileType = sourcecode.swift; path = TechBookFestClientUITests.swift; sourceTree = "<group>"; };
		D1FF7DD12312DB0600BD2091 /* Info.plist */ = {isa = PBXFileReference; lastKnownFileType = text.plist.xml; path = Info.plist; sourceTree = "<group>"; };
		D1FF7DDE2312E0E900BD2091 /* SVProgressHUD.framework */ = {isa = PBXFileReference; lastKnownFileType = wrapper.framework; name = SVProgressHUD.framework; path = Carthage/Build/iOS/SVProgressHUD.framework; sourceTree = "<group>"; };
		D1FF7DDF2312E0E900BD2091 /* ReactiveMoya.framework */ = {isa = PBXFileReference; lastKnownFileType = wrapper.framework; name = ReactiveMoya.framework; path = Carthage/Build/iOS/ReactiveMoya.framework; sourceTree = "<group>"; };
		D1FF7DE02312E0E900BD2091 /* RxRelay.framework */ = {isa = PBXFileReference; lastKnownFileType = wrapper.framework; name = RxRelay.framework; path = Carthage/Build/iOS/RxRelay.framework; sourceTree = "<group>"; };
		D1FF7DE12312E0E900BD2091 /* RxCocoa.framework */ = {isa = PBXFileReference; lastKnownFileType = wrapper.framework; name = RxCocoa.framework; path = Carthage/Build/iOS/RxCocoa.framework; sourceTree = "<group>"; };
		D1FF7DE22312E0E900BD2091 /* Moya.framework */ = {isa = PBXFileReference; lastKnownFileType = wrapper.framework; name = Moya.framework; path = Carthage/Build/iOS/Moya.framework; sourceTree = "<group>"; };
		D1FF7DE32312E0E900BD2091 /* Alamofire.framework */ = {isa = PBXFileReference; lastKnownFileType = wrapper.framework; name = Alamofire.framework; path = Carthage/Build/iOS/Alamofire.framework; sourceTree = "<group>"; };
		D1FF7DE42312E0E900BD2091 /* RxMoya.framework */ = {isa = PBXFileReference; lastKnownFileType = wrapper.framework; name = RxMoya.framework; path = Carthage/Build/iOS/RxMoya.framework; sourceTree = "<group>"; };
		D1FF7DE52312E0E900BD2091 /* ReactiveSwift.framework */ = {isa = PBXFileReference; lastKnownFileType = wrapper.framework; name = ReactiveSwift.framework; path = Carthage/Build/iOS/ReactiveSwift.framework; sourceTree = "<group>"; };
		D1FF7DE62312E0E900BD2091 /* RxSwift.framework */ = {isa = PBXFileReference; lastKnownFileType = wrapper.framework; name = RxSwift.framework; path = Carthage/Build/iOS/RxSwift.framework; sourceTree = "<group>"; };
		D1FF7DE72312E0E900BD2091 /* RxBlocking.framework */ = {isa = PBXFileReference; lastKnownFileType = wrapper.framework; name = RxBlocking.framework; path = Carthage/Build/iOS/RxBlocking.framework; sourceTree = "<group>"; };
		D1FF7DE82312E0E900BD2091 /* RxTest.framework */ = {isa = PBXFileReference; lastKnownFileType = wrapper.framework; name = RxTest.framework; path = Carthage/Build/iOS/RxTest.framework; sourceTree = "<group>"; };
/* End PBXFileReference section */

/* Begin PBXFrameworksBuildPhase section */
		D1FF7DA92312DB0400BD2091 /* Frameworks */ = {
			isa = PBXFrameworksBuildPhase;
			buildActionMask = 2147483647;
			files = (
				D1F96DA323192651008260E2 /* Nuke.framework in Frameworks */,
				D1FF7DEA2312E0E900BD2091 /* ReactiveMoya.framework in Frameworks */,
				D1FF7DEB2312E0E900BD2091 /* RxRelay.framework in Frameworks */,
				D1FF7DEC2312E0E900BD2091 /* RxCocoa.framework in Frameworks */,
				D1FF7DED2312E0E900BD2091 /* Moya.framework in Frameworks */,
				D1FF7DEE2312E0E900BD2091 /* Alamofire.framework in Frameworks */,
				D1FF7DEF2312E0E900BD2091 /* RxMoya.framework in Frameworks */,
				D1FF7DF02312E0E900BD2091 /* ReactiveSwift.framework in Frameworks */,
				D1FF7DF12312E0E900BD2091 /* RxSwift.framework in Frameworks */,
			);
			runOnlyForDeploymentPostprocessing = 0;
		};
		D1FF7DBD2312DB0600BD2091 /* Frameworks */ = {
			isa = PBXFrameworksBuildPhase;
			buildActionMask = 2147483647;
			files = (
				D1F96D562312E5BB008260E2 /* RxBlocking.framework in Frameworks */,
				D1F96D572312E5BB008260E2 /* RxTest.framework in Frameworks */,
			);
			runOnlyForDeploymentPostprocessing = 0;
		};
		D1FF7DC82312DB0600BD2091 /* Frameworks */ = {
			isa = PBXFrameworksBuildPhase;
			buildActionMask = 2147483647;
			files = (
			);
			runOnlyForDeploymentPostprocessing = 0;
		};
/* End PBXFrameworksBuildPhase section */

/* Begin PBXGroup section */
		D159AA38232CEBBD00461641 /* Detail */ = {
			isa = PBXGroup;
			children = (
				D159AA39232CF05B00461641 /* CollectionViewLayout.swift */,
				D159AA3B232CF52500461641 /* CircleDetailViewController.swift */,
				D159AA3D232CF53A00461641 /* CircleDetailViewController.storyboard */,
				D159AA3F232CF5E900461641 /* SubViews */,
			);
			path = Detail;
			sourceTree = "<group>";
		};
		D159AA3F232CF5E900461641 /* SubViews */ = {
			isa = PBXGroup;
			children = (
				D159AA40232CF63400461641 /* CircleDetailImageCollectionViewCell.swift */,
				D159AA41232CF63400461641 /* CircleDetailImageCollectionViewCell.xib */,
			);
			path = SubViews;
			sourceTree = "<group>";
		};
		D1F96D582312F2A6008260E2 /* Network */ = {
			isa = PBXGroup;
			children = (
				D1F96D632312FB97008260E2 /* Networking.swift */,
				D1F96D6723141475008260E2 /* TBAPI.swift */,
				D1F96D802317555F008260E2 /* UseCases */,
			);
			path = Network;
			sourceTree = "<group>";
		};
		D1F96D592312F2CA008260E2 /* Scenes */ = {
			isa = PBXGroup;
			children = (
				D1F96D9F231915E5008260E2 /* Common */,
				D159AA38232CEBBD00461641 /* Detail */,
				D1F96D83231758F3008260E2 /* Lock */,
				D1F96D7F2316BDDF008260E2 /* Home */,
				D1F96D772316ADF0008260E2 /* RootViewController.swift */,
			);
			path = Scenes;
			sourceTree = "<group>";
		};
		D1F96D5C2312F500008260E2 /* Resources */ = {
			isa = PBXGroup;
			children = (
				D1F96D69231602D8008260E2 /* Stubs */,
				D1FF7DB62312DB0600BD2091 /* Assets.xcassets */,
				D1FF7DB82312DB0600BD2091 /* LaunchScreen.storyboard */,
			);
			path = Resources;
			sourceTree = "<group>";
		};
		D1F96D69231602D8008260E2 /* Stubs */ = {
			isa = PBXGroup;
			children = (
				D1F96D6C2316036B008260E2 /* home.json */,
				D1F96DA8231A4307008260E2 /* error.json */,
			);
			path = Stubs;
			sourceTree = "<group>";
		};
		D1F96D6E2316073B008260E2 /* Models */ = {
			isa = PBXGroup;
			children = (
				D1F96D6F23160754008260E2 /* Home.swift */,
				D1F96D7123160768008260E2 /* Circle.swift */,
				D1F96DAA231A4F5C008260E2 /* ErrorResponse.swift */,
				D1F96DAC231A537B008260E2 /* APIError.swift */,
			);
			path = Models;
			sourceTree = "<group>";
		};
		D1F96D792316BB0D008260E2 /* Extensions */ = {
			isa = PBXGroup;
			children = (
				D1F96D7A2316BB1D008260E2 /* View */,
				D159AA36232CE69900461641 /* Networking+Rx.swift */,
			);
			path = Extensions;
			sourceTree = "<group>";
		};
		D1F96D7A2316BB1D008260E2 /* View */ = {
			isa = PBXGroup;
			children = (
				D1F96D7D2316BB4A008260E2 /* StoryboardInstantiable.swift */,
				D1F96D882317FD18008260E2 /* FadeTransitionable.swift */,
				D1F96D9D23190D71008260E2 /* UITableView+Extension.swift */,
				D187B8DB2336E31B00E2B837 /* UICollectionView+Extension.swift */,
			);
			path = View;
			sourceTree = "<group>";
		};
		D1F96D7F2316BDDF008260E2 /* Home */ = {
			isa = PBXGroup;
			children = (
				D1FF7DB12312DB0400BD2091 /* HomeViewController.swift */,
				D1FF7DB32312DB0400BD2091 /* HomeViewController.storyboard */,
				D1F96D9023190CBA008260E2 /* SubViews */,
			);
			path = Home;
			sourceTree = "<group>";
		};
		D1F96D802317555F008260E2 /* UseCases */ = {
			isa = PBXGroup;
			children = (
				D1F96D8123175584008260E2 /* UseCaseProvider.swift */,
				D1F96D8C231801DC008260E2 /* HomeUseCase.swift */,
			);
			path = UseCases;
			sourceTree = "<group>";
		};
		D1F96D83231758F3008260E2 /* Lock */ = {
			isa = PBXGroup;
			children = (
				D1F96D8423175902008260E2 /* LockViewController.swift */,
				D1F96D8623175909008260E2 /* LockViewController.storyboard */,
			);
			path = Lock;
			sourceTree = "<group>";
		};
		D1F96D9023190CBA008260E2 /* SubViews */ = {
			isa = PBXGroup;
			children = (
				D1F96D9123190D07008260E2 /* HomeCoverTableViewCell.swift */,
				D1F96D9223190D07008260E2 /* HomeCoverTableViewCell.xib */,
				D1F96D9523190D25008260E2 /* HomeDescriptionTableViewCell.swift */,
				D1F96D9623190D25008260E2 /* HomeDescriptionTableViewCell.xib */,
				D1F96D9923190D51008260E2 /* CircleTableViewCell.swift */,
				D1F96D9A23190D51008260E2 /* CircleTableViewCell.xib */,
			);
			path = SubViews;
			sourceTree = "<group>";
		};
		D1F96D9F231915E5008260E2 /* Common */ = {
			isa = PBXGroup;
			children = (
				D1F96DA0231915FD008260E2 /* TagLabel.swift */,
				D1F96DA423192E92008260E2 /* LabelTableViewHeaderFooterView.swift */,
				D1F96DA623192EA0008260E2 /* LabelTableViewHeaderFooterView.xib */,
			);
			path = Common;
			sourceTree = "<group>";
		};
		D1FF7DA32312DB0400BD2091 = {
			isa = PBXGroup;
			children = (
				D1FF7DAE2312DB0400BD2091 /* TechBookFestClient */,
				D1FF7DC32312DB0600BD2091 /* TechBookFestClientTests */,
				D1FF7DCE2312DB0600BD2091 /* TechBookFestClientUITests */,
				D1FF7DAD2312DB0400BD2091 /* Products */,
				D1FF7DDD2312E0E800BD2091 /* Frameworks */,
			);
			sourceTree = "<group>";
		};
		D1FF7DAD2312DB0400BD2091 /* Products */ = {
			isa = PBXGroup;
			children = (
				D1FF7DAC2312DB0400BD2091 /* TechBookFestClient.app */,
				D1FF7DC02312DB0600BD2091 /* TechBookFestClientTests.xctest */,
				D1FF7DCB2312DB0600BD2091 /* TechBookFestClientUITests.xctest */,
			);
			name = Products;
			sourceTree = "<group>";
		};
		D1FF7DAE2312DB0400BD2091 /* TechBookFestClient */ = {
			isa = PBXGroup;
			children = (
				D1F96D792316BB0D008260E2 /* Extensions */,
				D1F96D6E2316073B008260E2 /* Models */,
				D1F96D582312F2A6008260E2 /* Network */,
				D1F96D592312F2CA008260E2 /* Scenes */,
				D1F96D5C2312F500008260E2 /* Resources */,
				D1FF7DAF2312DB0400BD2091 /* AppDelegate.swift */,
				D1F96D752316ADBD008260E2 /* Application.swift */,
				D1FF7DBB2312DB0600BD2091 /* Info.plist */,
			);
			path = TechBookFestClient;
			sourceTree = "<group>";
		};
		D1FF7DC32312DB0600BD2091 /* TechBookFestClientTests */ = {
			isa = PBXGroup;
			children = (
				D1FF7DC42312DB0600BD2091 /* TechBookFestClientTests.swift */,
				D1FF7DC62312DB0600BD2091 /* Info.plist */,
			);
			path = TechBookFestClientTests;
			sourceTree = "<group>";
		};
		D1FF7DCE2312DB0600BD2091 /* TechBookFestClientUITests */ = {
			isa = PBXGroup;
			children = (
				D1FF7DCF2312DB0600BD2091 /* TechBookFestClientUITests.swift */,
				D1FF7DD12312DB0600BD2091 /* Info.plist */,
			);
			path = TechBookFestClientUITests;
			sourceTree = "<group>";
		};
		D1FF7DDD2312E0E800BD2091 /* Frameworks */ = {
			isa = PBXGroup;
			children = (
				D1F96DA223192651008260E2 /* Nuke.framework */,
				D1FF7DE32312E0E900BD2091 /* Alamofire.framework */,
				D1FF7DE22312E0E900BD2091 /* Moya.framework */,
				D1FF7DDF2312E0E900BD2091 /* ReactiveMoya.framework */,
				D1FF7DE52312E0E900BD2091 /* ReactiveSwift.framework */,
				D1FF7DE72312E0E900BD2091 /* RxBlocking.framework */,
				D1FF7DE12312E0E900BD2091 /* RxCocoa.framework */,
				D1FF7DE42312E0E900BD2091 /* RxMoya.framework */,
				D1FF7DE02312E0E900BD2091 /* RxRelay.framework */,
				D1FF7DE62312E0E900BD2091 /* RxSwift.framework */,
				D1FF7DE82312E0E900BD2091 /* RxTest.framework */,
				D1FF7DDE2312E0E900BD2091 /* SVProgressHUD.framework */,
			);
			name = Frameworks;
			sourceTree = "<group>";
		};
/* End PBXGroup section */

/* Begin PBXNativeTarget section */
		D1FF7DAB2312DB0400BD2091 /* TechBookFestClient */ = {
			isa = PBXNativeTarget;
			buildConfigurationList = D1FF7DD42312DB0600BD2091 /* Build configuration list for PBXNativeTarget "TechBookFestClient" */;
			buildPhases = (
				D1FF7DA82312DB0400BD2091 /* Sources */,
				D1FF7DA92312DB0400BD2091 /* Frameworks */,
				D1FF7DF42312E12E00BD2091 /* Carthage Script */,
				D1FF7DAA2312DB0400BD2091 /* Resources */,
			);
			buildRules = (
			);
			dependencies = (
			);
			name = TechBookFestClient;
			productName = TechBookFestClient;
			productReference = D1FF7DAC2312DB0400BD2091 /* TechBookFestClient.app */;
			productType = "com.apple.product-type.application";
		};
		D1FF7DBF2312DB0600BD2091 /* TechBookFestClientTests */ = {
			isa = PBXNativeTarget;
			buildConfigurationList = D1FF7DD72312DB0600BD2091 /* Build configuration list for PBXNativeTarget "TechBookFestClientTests" */;
			buildPhases = (
				D1FF7DBC2312DB0600BD2091 /* Sources */,
				D1FF7DBD2312DB0600BD2091 /* Frameworks */,
				D1FF7DBE2312DB0600BD2091 /* Resources */,
				D1FF7DF52312E49C00BD2091 /* ShellScript */,
			);
			buildRules = (
			);
			dependencies = (
				D1FF7DC22312DB0600BD2091 /* PBXTargetDependency */,
			);
			name = TechBookFestClientTests;
			productName = TechBookFestClientTests;
			productReference = D1FF7DC02312DB0600BD2091 /* TechBookFestClientTests.xctest */;
			productType = "com.apple.product-type.bundle.unit-test";
		};
		D1FF7DCA2312DB0600BD2091 /* TechBookFestClientUITests */ = {
			isa = PBXNativeTarget;
			buildConfigurationList = D1FF7DDA2312DB0600BD2091 /* Build configuration list for PBXNativeTarget "TechBookFestClientUITests" */;
			buildPhases = (
				D1FF7DC72312DB0600BD2091 /* Sources */,
				D1FF7DC82312DB0600BD2091 /* Frameworks */,
				D1FF7DC92312DB0600BD2091 /* Resources */,
			);
			buildRules = (
			);
			dependencies = (
				D1FF7DCD2312DB0600BD2091 /* PBXTargetDependency */,
			);
			name = TechBookFestClientUITests;
			productName = TechBookFestClientUITests;
			productReference = D1FF7DCB2312DB0600BD2091 /* TechBookFestClientUITests.xctest */;
			productType = "com.apple.product-type.bundle.ui-testing";
		};
/* End PBXNativeTarget section */

/* Begin PBXProject section */
		D1FF7DA42312DB0400BD2091 /* Project object */ = {
			isa = PBXProject;
			attributes = {
				LastSwiftUpdateCheck = 1030;
				LastUpgradeCheck = 1030;
				ORGANIZATIONNAME = ShoMasegi;
				TargetAttributes = {
					D1FF7DAB2312DB0400BD2091 = {
						CreatedOnToolsVersion = 10.3;
					};
					D1FF7DBF2312DB0600BD2091 = {
						CreatedOnToolsVersion = 10.3;
						TestTargetID = D1FF7DAB2312DB0400BD2091;
					};
					D1FF7DCA2312DB0600BD2091 = {
						CreatedOnToolsVersion = 10.3;
						TestTargetID = D1FF7DAB2312DB0400BD2091;
					};
				};
			};
			buildConfigurationList = D1FF7DA72312DB0400BD2091 /* Build configuration list for PBXProject "TechBookFestClient" */;
			compatibilityVersion = "Xcode 9.3";
			developmentRegion = en;
			hasScannedForEncodings = 0;
			knownRegions = (
				en,
				Base,
			);
			mainGroup = D1FF7DA32312DB0400BD2091;
			productRefGroup = D1FF7DAD2312DB0400BD2091 /* Products */;
			projectDirPath = "";
			projectRoot = "";
			targets = (
				D1FF7DAB2312DB0400BD2091 /* TechBookFestClient */,
				D1FF7DBF2312DB0600BD2091 /* TechBookFestClientTests */,
				D1FF7DCA2312DB0600BD2091 /* TechBookFestClientUITests */,
			);
		};
/* End PBXProject section */

/* Begin PBXResourcesBuildPhase section */
		D1FF7DAA2312DB0400BD2091 /* Resources */ = {
			isa = PBXResourcesBuildPhase;
			buildActionMask = 2147483647;
			files = (
				D1F96DA9231A43D3008260E2 /* error.json in Resources */,
				D1F96D9423190D07008260E2 /* HomeCoverTableViewCell.xib in Resources */,
				D1FF7DBA2312DB0600BD2091 /* LaunchScreen.storyboard in Resources */,
				D159AA43232CF63400461641 /* CircleDetailImageCollectionViewCell.xib in Resources */,
				D1FF7DB72312DB0600BD2091 /* Assets.xcassets in Resources */,
				D1F96D9823190D25008260E2 /* HomeDescriptionTableViewCell.xib in Resources */,
				D159AA3E232CF53A00461641 /* CircleDetailViewController.storyboard in Resources */,
				D1F96D6D2316036B008260E2 /* home.json in Resources */,
				D1F96D9C23190D51008260E2 /* CircleTableViewCell.xib in Resources */,
				D1FF7DB52312DB0400BD2091 /* HomeViewController.storyboard in Resources */,
				D1F96D8723175909008260E2 /* LockViewController.storyboard in Resources */,
				D1F96DA723192EA0008260E2 /* LabelTableViewHeaderFooterView.xib in Resources */,
			);
			runOnlyForDeploymentPostprocessing = 0;
		};
		D1FF7DBE2312DB0600BD2091 /* Resources */ = {
			isa = PBXResourcesBuildPhase;
			buildActionMask = 2147483647;
			files = (
			);
			runOnlyForDeploymentPostprocessing = 0;
		};
		D1FF7DC92312DB0600BD2091 /* Resources */ = {
			isa = PBXResourcesBuildPhase;
			buildActionMask = 2147483647;
			files = (
			);
			runOnlyForDeploymentPostprocessing = 0;
		};
/* End PBXResourcesBuildPhase section */

/* Begin PBXShellScriptBuildPhase section */
		D1FF7DF42312E12E00BD2091 /* Carthage Script */ = {
			isa = PBXShellScriptBuildPhase;
			buildActionMask = 2147483647;
			files = (
			);
			inputFileListPaths = (
			);
			inputPaths = (
				"$(SRCROOT)/Carthage/Build/iOS/Alamofire.framework",
				"$(SRCROOT)/Carthage/Build/iOS/RxSwift.framework",
				"$(SRCROOT)/Carthage/Build/iOS/Moya.framework",
				"$(SRCROOT)/Carthage/Build/iOS/ReactiveMoya.framework",
				"$(SRCROOT)/Carthage/Build/iOS/ReactiveSwift.framework",
				"$(SRCROOT)/Carthage/Build/iOS/RxCocoa.framework",
				"$(SRCROOT)/Carthage/Build/iOS/RxMoya.framework",
				"$(SRCROOT)/Carthage/Build/iOS/RxRelay.framework",
				"$(SRCROOT)/Carthage/Build/iOS/Nuke.framework",
			);
			name = "Carthage Script";
			outputFileListPaths = (
			);
			outputPaths = (
			);
			runOnlyForDeploymentPostprocessing = 0;
			shellPath = /bin/sh;
			shellScript = "/usr/local/bin/carthage copy-frameworks\n";
		};
		D1FF7DF52312E49C00BD2091 /* ShellScript */ = {
			isa = PBXShellScriptBuildPhase;
			buildActionMask = 2147483647;
			files = (
			);
			inputFileListPaths = (
			);
			inputPaths = (
				"",
				"$(SRCROOT)/Carthage/Build/iOS/RxBlocking.framework",
				"$(SRCROOT)/Carthage/Build/iOS/RxTest.framework",
			);
			outputFileListPaths = (
			);
			outputPaths = (
			);
			runOnlyForDeploymentPostprocessing = 0;
			shellPath = /bin/sh;
			shellScript = "/usr/local/bin/carthage copy-frameworks\n\n";
		};
/* End PBXShellScriptBuildPhase section */

/* Begin PBXSourcesBuildPhase section */
		D1FF7DA82312DB0400BD2091 /* Sources */ = {
			isa = PBXSourcesBuildPhase;
			buildActionMask = 2147483647;
			files = (
				D1F96D762316ADBD008260E2 /* Application.swift in Sources */,
				D1F96D9B23190D51008260E2 /* CircleTableViewCell.swift in Sources */,
				D1F96DA523192E92008260E2 /* LabelTableViewHeaderFooterView.swift in Sources */,
				D1F96D9E23190D71008260E2 /* UITableView+Extension.swift in Sources */,
				D1F96D8523175902008260E2 /* LockViewController.swift in Sources */,
				D1F96D9323190D07008260E2 /* HomeCoverTableViewCell.swift in Sources */,
				D159AA3C232CF52500461641 /* CircleDetailViewController.swift in Sources */,
				D159AA42232CF63400461641 /* CircleDetailImageCollectionViewCell.swift in Sources */,
				D187B8DC2336E31B00E2B837 /* UICollectionView+Extension.swift in Sources */,
				D1F96D892317FD18008260E2 /* FadeTransitionable.swift in Sources */,
				D1FF7DB22312DB0400BD2091 /* HomeViewController.swift in Sources */,
				D1F96D782316ADF0008260E2 /* RootViewController.swift in Sources */,
				D1FF7DB02312DB0400BD2091 /* AppDelegate.swift in Sources */,
				D1F96DAD231A537B008260E2 /* APIError.swift in Sources */,
				D159AA37232CE69900461641 /* Networking+Rx.swift in Sources */,
				D1F96D9723190D25008260E2 /* HomeDescriptionTableViewCell.swift in Sources */,
				D1F96D7E2316BB4A008260E2 /* StoryboardInstantiable.swift in Sources */,
				D1F96D7023160754008260E2 /* Home.swift in Sources */,
				D1F96D8D231801DC008260E2 /* HomeUseCase.swift in Sources */,
				D159AA3A232CF05B00461641 /* CollectionViewLayout.swift in Sources */,
				D1F96D8223175584008260E2 /* UseCaseProvider.swift in Sources */,
				D1F96DA1231915FD008260E2 /* TagLabel.swift in Sources */,
				D1F96DAB231A4F5C008260E2 /* ErrorResponse.swift in Sources */,
				D1F96D6823141475008260E2 /* TBAPI.swift in Sources */,
				D1F96D642312FB97008260E2 /* Networking.swift in Sources */,
				D1F96D7223160768008260E2 /* Circle.swift in Sources */,
			);
			runOnlyForDeploymentPostprocessing = 0;
		};
		D1FF7DBC2312DB0600BD2091 /* Sources */ = {
			isa = PBXSourcesBuildPhase;
			buildActionMask = 2147483647;
			files = (
				D1FF7DC52312DB0600BD2091 /* TechBookFestClientTests.swift in Sources */,
			);
			runOnlyForDeploymentPostprocessing = 0;
		};
		D1FF7DC72312DB0600BD2091 /* Sources */ = {
			isa = PBXSourcesBuildPhase;
			buildActionMask = 2147483647;
			files = (
				D1FF7DD02312DB0600BD2091 /* TechBookFestClientUITests.swift in Sources */,
			);
			runOnlyForDeploymentPostprocessing = 0;
		};
/* End PBXSourcesBuildPhase section */

/* Begin PBXTargetDependency section */
		D1FF7DC22312DB0600BD2091 /* PBXTargetDependency */ = {
			isa = PBXTargetDependency;
			target = D1FF7DAB2312DB0400BD2091 /* TechBookFestClient */;
			targetProxy = D1FF7DC12312DB0600BD2091 /* PBXContainerItemProxy */;
		};
		D1FF7DCD2312DB0600BD2091 /* PBXTargetDependency */ = {
			isa = PBXTargetDependency;
			target = D1FF7DAB2312DB0400BD2091 /* TechBookFestClient */;
			targetProxy = D1FF7DCC2312DB0600BD2091 /* PBXContainerItemProxy */;
		};
/* End PBXTargetDependency section */

/* Begin PBXVariantGroup section */
		D1FF7DB32312DB0400BD2091 /* HomeViewController.storyboard */ = {
			isa = PBXVariantGroup;
			children = (
				D1FF7DB42312DB0400BD2091 /* Base */,
			);
			name = HomeViewController.storyboard;
			sourceTree = "<group>";
		};
		D1FF7DB82312DB0600BD2091 /* LaunchScreen.storyboard */ = {
			isa = PBXVariantGroup;
			children = (
				D1FF7DB92312DB0600BD2091 /* Base */,
			);
			name = LaunchScreen.storyboard;
			sourceTree = "<group>";
		};
/* End PBXVariantGroup section */

/* Begin XCBuildConfiguration section */
		D1F96DAE231A6C94008260E2 /* Stub */ = {
			isa = XCBuildConfiguration;
			buildSettings = {
				ALWAYS_SEARCH_USER_PATHS = NO;
				CLANG_ANALYZER_NONNULL = YES;
				CLANG_ANALYZER_NUMBER_OBJECT_CONVERSION = YES_AGGRESSIVE;
				CLANG_CXX_LANGUAGE_STANDARD = "gnu++14";
				CLANG_CXX_LIBRARY = "libc++";
				CLANG_ENABLE_MODULES = YES;
				CLANG_ENABLE_OBJC_ARC = YES;
				CLANG_ENABLE_OBJC_WEAK = YES;
				CLANG_WARN_BLOCK_CAPTURE_AUTORELEASING = YES;
				CLANG_WARN_BOOL_CONVERSION = YES;
				CLANG_WARN_COMMA = YES;
				CLANG_WARN_CONSTANT_CONVERSION = YES;
				CLANG_WARN_DEPRECATED_OBJC_IMPLEMENTATIONS = YES;
				CLANG_WARN_DIRECT_OBJC_ISA_USAGE = YES_ERROR;
				CLANG_WARN_DOCUMENTATION_COMMENTS = YES;
				CLANG_WARN_EMPTY_BODY = YES;
				CLANG_WARN_ENUM_CONVERSION = YES;
				CLANG_WARN_INFINITE_RECURSION = YES;
				CLANG_WARN_INT_CONVERSION = YES;
				CLANG_WARN_NON_LITERAL_NULL_CONVERSION = YES;
				CLANG_WARN_OBJC_IMPLICIT_RETAIN_SELF = YES;
				CLANG_WARN_OBJC_LITERAL_CONVERSION = YES;
				CLANG_WARN_OBJC_ROOT_CLASS = YES_ERROR;
				CLANG_WARN_RANGE_LOOP_ANALYSIS = YES;
				CLANG_WARN_STRICT_PROTOTYPES = YES;
				CLANG_WARN_SUSPICIOUS_MOVE = YES;
				CLANG_WARN_UNGUARDED_AVAILABILITY = YES_AGGRESSIVE;
				CLANG_WARN_UNREACHABLE_CODE = YES;
				CLANG_WARN__DUPLICATE_METHOD_MATCH = YES;
				CODE_SIGN_IDENTITY = "iPhone Developer";
				COPY_PHASE_STRIP = NO;
				DEBUG_INFORMATION_FORMAT = dwarf;
				ENABLE_STRICT_OBJC_MSGSEND = YES;
				ENABLE_TESTABILITY = YES;
				GCC_C_LANGUAGE_STANDARD = gnu11;
				GCC_DYNAMIC_NO_PIC = NO;
				GCC_NO_COMMON_BLOCKS = YES;
				GCC_OPTIMIZATION_LEVEL = 0;
				GCC_PREPROCESSOR_DEFINITIONS = (
					"STUB=1",
					"$(inherited)",
				);
				GCC_WARN_64_TO_32_BIT_CONVERSION = YES;
				GCC_WARN_ABOUT_RETURN_TYPE = YES_ERROR;
				GCC_WARN_UNDECLARED_SELECTOR = YES;
				GCC_WARN_UNINITIALIZED_AUTOS = YES_AGGRESSIVE;
				GCC_WARN_UNUSED_FUNCTION = YES;
				GCC_WARN_UNUSED_VARIABLE = YES;
				IPHONEOS_DEPLOYMENT_TARGET = 12.0;
				MTL_ENABLE_DEBUG_INFO = INCLUDE_SOURCE;
				MTL_FAST_MATH = YES;
				ONLY_ACTIVE_ARCH = YES;
				SDKROOT = iphoneos;
				SWIFT_ACTIVE_COMPILATION_CONDITIONS = DEBUG;
				SWIFT_OPTIMIZATION_LEVEL = "-Onone";
			};
			name = Stub;
		};
		D1F96DAF231A6C94008260E2 /* Stub */ = {
			isa = XCBuildConfiguration;
			buildSettings = {
				ASSETCATALOG_COMPILER_APPICON_NAME = AppIcon;
				CODE_SIGN_STYLE = Automatic;
				FRAMEWORK_SEARCH_PATHS = (
					"$(inherited)",
					"$(PROJECT_DIR)/Carthage/Build/iOS",
				);
				INFOPLIST_FILE = TechBookFestClient/Info.plist;
				LD_RUNPATH_SEARCH_PATHS = (
					"$(inherited)",
					"@executable_path/Frameworks",
				);
				PRODUCT_BUNDLE_IDENTIFIER = sho.masegi.TechBookFestClient;
				PRODUCT_NAME = "$(TARGET_NAME)";
				SWIFT_ACTIVE_COMPILATION_CONDITIONS = STUB;
				SWIFT_VERSION = 5.0;
				TARGETED_DEVICE_FAMILY = "1,2";
			};
			name = Stub;
		};
		D1F96DB0231A6C94008260E2 /* Stub */ = {
			isa = XCBuildConfiguration;
			buildSettings = {
				ALWAYS_EMBED_SWIFT_STANDARD_LIBRARIES = YES;
				BUNDLE_LOADER = "$(TEST_HOST)";
				CODE_SIGN_STYLE = Automatic;
				FRAMEWORK_SEARCH_PATHS = (
					"$(inherited)",
					"$(PROJECT_DIR)/Carthage/Build/iOS",
				);
				INFOPLIST_FILE = TechBookFestClientTests/Info.plist;
				LD_RUNPATH_SEARCH_PATHS = (
					"$(inherited)",
					"@executable_path/Frameworks",
					"@loader_path/Frameworks",
				);
				PRODUCT_BUNDLE_IDENTIFIER = sho.masegi.TechBookFestClientTests;
				PRODUCT_NAME = "$(TARGET_NAME)";
				SWIFT_VERSION = 5.0;
				TARGETED_DEVICE_FAMILY = "1,2";
				TEST_HOST = "$(BUILT_PRODUCTS_DIR)/TechBookFestClient.app/TechBookFestClient";
			};
			name = Stub;
		};
		D1F96DB1231A6C94008260E2 /* Stub */ = {
			isa = XCBuildConfiguration;
			buildSettings = {
				ALWAYS_EMBED_SWIFT_STANDARD_LIBRARIES = YES;
				CODE_SIGN_STYLE = Automatic;
				INFOPLIST_FILE = TechBookFestClientUITests/Info.plist;
				LD_RUNPATH_SEARCH_PATHS = (
					"$(inherited)",
					"@executable_path/Frameworks",
					"@loader_path/Frameworks",
				);
				PRODUCT_BUNDLE_IDENTIFIER = sho.masegi.TechBookFestClientUITests;
				PRODUCT_NAME = "$(TARGET_NAME)";
				SWIFT_VERSION = 5.0;
				TARGETED_DEVICE_FAMILY = "1,2";
				TEST_TARGET_NAME = TechBookFestClient;
			};
			name = Stub;
		};
		D1FF7DD22312DB0600BD2091 /* Debug */ = {
			isa = XCBuildConfiguration;
			buildSettings = {
				ALWAYS_SEARCH_USER_PATHS = NO;
				CLANG_ANALYZER_NONNULL = YES;
				CLANG_ANALYZER_NUMBER_OBJECT_CONVERSION = YES_AGGRESSIVE;
				CLANG_CXX_LANGUAGE_STANDARD = "gnu++14";
				CLANG_CXX_LIBRARY = "libc++";
				CLANG_ENABLE_MODULES = YES;
				CLANG_ENABLE_OBJC_ARC = YES;
				CLANG_ENABLE_OBJC_WEAK = YES;
				CLANG_WARN_BLOCK_CAPTURE_AUTORELEASING = YES;
				CLANG_WARN_BOOL_CONVERSION = YES;
				CLANG_WARN_COMMA = YES;
				CLANG_WARN_CONSTANT_CONVERSION = YES;
				CLANG_WARN_DEPRECATED_OBJC_IMPLEMENTATIONS = YES;
				CLANG_WARN_DIRECT_OBJC_ISA_USAGE = YES_ERROR;
				CLANG_WARN_DOCUMENTATION_COMMENTS = YES;
				CLANG_WARN_EMPTY_BODY = YES;
				CLANG_WARN_ENUM_CONVERSION = YES;
				CLANG_WARN_INFINITE_RECURSION = YES;
				CLANG_WARN_INT_CONVERSION = YES;
				CLANG_WARN_NON_LITERAL_NULL_CONVERSION = YES;
				CLANG_WARN_OBJC_IMPLICIT_RETAIN_SELF = YES;
				CLANG_WARN_OBJC_LITERAL_CONVERSION = YES;
				CLANG_WARN_OBJC_ROOT_CLASS = YES_ERROR;
				CLANG_WARN_RANGE_LOOP_ANALYSIS = YES;
				CLANG_WARN_STRICT_PROTOTYPES = YES;
				CLANG_WARN_SUSPICIOUS_MOVE = YES;
				CLANG_WARN_UNGUARDED_AVAILABILITY = YES_AGGRESSIVE;
				CLANG_WARN_UNREACHABLE_CODE = YES;
				CLANG_WARN__DUPLICATE_METHOD_MATCH = YES;
				CODE_SIGN_IDENTITY = "iPhone Developer";
				COPY_PHASE_STRIP = NO;
				DEBUG_INFORMATION_FORMAT = dwarf;
				ENABLE_STRICT_OBJC_MSGSEND = YES;
				ENABLE_TESTABILITY = YES;
				GCC_C_LANGUAGE_STANDARD = gnu11;
				GCC_DYNAMIC_NO_PIC = NO;
				GCC_NO_COMMON_BLOCKS = YES;
				GCC_OPTIMIZATION_LEVEL = 0;
				GCC_PREPROCESSOR_DEFINITIONS = (
					"DEBUG=1",
					"$(inherited)",
				);
				GCC_WARN_64_TO_32_BIT_CONVERSION = YES;
				GCC_WARN_ABOUT_RETURN_TYPE = YES_ERROR;
				GCC_WARN_UNDECLARED_SELECTOR = YES;
				GCC_WARN_UNINITIALIZED_AUTOS = YES_AGGRESSIVE;
				GCC_WARN_UNUSED_FUNCTION = YES;
				GCC_WARN_UNUSED_VARIABLE = YES;
				IPHONEOS_DEPLOYMENT_TARGET = 12.0;
				MTL_ENABLE_DEBUG_INFO = INCLUDE_SOURCE;
				MTL_FAST_MATH = YES;
				ONLY_ACTIVE_ARCH = YES;
				SDKROOT = iphoneos;
				SWIFT_ACTIVE_COMPILATION_CONDITIONS = DEBUG;
				SWIFT_OPTIMIZATION_LEVEL = "-Onone";
			};
			name = Debug;
		};
		D1FF7DD32312DB0600BD2091 /* Release */ = {
			isa = XCBuildConfiguration;
			buildSettings = {
				ALWAYS_SEARCH_USER_PATHS = NO;
				CLANG_ANALYZER_NONNULL = YES;
				CLANG_ANALYZER_NUMBER_OBJECT_CONVERSION = YES_AGGRESSIVE;
				CLANG_CXX_LANGUAGE_STANDARD = "gnu++14";
				CLANG_CXX_LIBRARY = "libc++";
				CLANG_ENABLE_MODULES = YES;
				CLANG_ENABLE_OBJC_ARC = YES;
				CLANG_ENABLE_OBJC_WEAK = YES;
				CLANG_WARN_BLOCK_CAPTURE_AUTORELEASING = YES;
				CLANG_WARN_BOOL_CONVERSION = YES;
				CLANG_WARN_COMMA = YES;
				CLANG_WARN_CONSTANT_CONVERSION = YES;
				CLANG_WARN_DEPRECATED_OBJC_IMPLEMENTATIONS = YES;
				CLANG_WARN_DIRECT_OBJC_ISA_USAGE = YES_ERROR;
				CLANG_WARN_DOCUMENTATION_COMMENTS = YES;
				CLANG_WARN_EMPTY_BODY = YES;
				CLANG_WARN_ENUM_CONVERSION = YES;
				CLANG_WARN_INFINITE_RECURSION = YES;
				CLANG_WARN_INT_CONVERSION = YES;
				CLANG_WARN_NON_LITERAL_NULL_CONVERSION = YES;
				CLANG_WARN_OBJC_IMPLICIT_RETAIN_SELF = YES;
				CLANG_WARN_OBJC_LITERAL_CONVERSION = YES;
				CLANG_WARN_OBJC_ROOT_CLASS = YES_ERROR;
				CLANG_WARN_RANGE_LOOP_ANALYSIS = YES;
				CLANG_WARN_STRICT_PROTOTYPES = YES;
				CLANG_WARN_SUSPICIOUS_MOVE = YES;
				CLANG_WARN_UNGUARDED_AVAILABILITY = YES_AGGRESSIVE;
				CLANG_WARN_UNREACHABLE_CODE = YES;
				CLANG_WARN__DUPLICATE_METHOD_MATCH = YES;
				CODE_SIGN_IDENTITY = "iPhone Developer";
				COPY_PHASE_STRIP = NO;
				DEBUG_INFORMATION_FORMAT = "dwarf-with-dsym";
				ENABLE_NS_ASSERTIONS = NO;
				ENABLE_STRICT_OBJC_MSGSEND = YES;
				GCC_C_LANGUAGE_STANDARD = gnu11;
				GCC_NO_COMMON_BLOCKS = YES;
				GCC_WARN_64_TO_32_BIT_CONVERSION = YES;
				GCC_WARN_ABOUT_RETURN_TYPE = YES_ERROR;
				GCC_WARN_UNDECLARED_SELECTOR = YES;
				GCC_WARN_UNINITIALIZED_AUTOS = YES_AGGRESSIVE;
				GCC_WARN_UNUSED_FUNCTION = YES;
				GCC_WARN_UNUSED_VARIABLE = YES;
				IPHONEOS_DEPLOYMENT_TARGET = 12.0;
				MTL_ENABLE_DEBUG_INFO = NO;
				MTL_FAST_MATH = YES;
				SDKROOT = iphoneos;
				SWIFT_COMPILATION_MODE = wholemodule;
				SWIFT_OPTIMIZATION_LEVEL = "-O";
				VALIDATE_PRODUCT = YES;
			};
			name = Release;
		};
		D1FF7DD52312DB0600BD2091 /* Debug */ = {
			isa = XCBuildConfiguration;
			buildSettings = {
				ASSETCATALOG_COMPILER_APPICON_NAME = AppIcon;
				CODE_SIGN_STYLE = Automatic;
				FRAMEWORK_SEARCH_PATHS = (
					"$(inherited)",
					"$(PROJECT_DIR)/Carthage/Build/iOS",
				);
				INFOPLIST_FILE = TechBookFestClient/Info.plist;
				LD_RUNPATH_SEARCH_PATHS = (
					"$(inherited)",
					"@executable_path/Frameworks",
				);
				PRODUCT_BUNDLE_IDENTIFIER = sho.masegi.TechBookFestClient;
				PRODUCT_NAME = "$(TARGET_NAME)";
				SWIFT_VERSION = 5.0;
				TARGETED_DEVICE_FAMILY = "1,2";
			};
			name = Debug;
		};
		D1FF7DD62312DB0600BD2091 /* Release */ = {
			isa = XCBuildConfiguration;
			buildSettings = {
				ASSETCATALOG_COMPILER_APPICON_NAME = AppIcon;
				CODE_SIGN_STYLE = Automatic;
				FRAMEWORK_SEARCH_PATHS = (
					"$(inherited)",
					"$(PROJECT_DIR)/Carthage/Build/iOS",
				);
				INFOPLIST_FILE = TechBookFestClient/Info.plist;
				LD_RUNPATH_SEARCH_PATHS = (
					"$(inherited)",
					"@executable_path/Frameworks",
				);
				PRODUCT_BUNDLE_IDENTIFIER = sho.masegi.TechBookFestClient;
				PRODUCT_NAME = "$(TARGET_NAME)";
				SWIFT_VERSION = 5.0;
				TARGETED_DEVICE_FAMILY = "1,2";
			};
			name = Release;
		};
		D1FF7DD82312DB0600BD2091 /* Debug */ = {
			isa = XCBuildConfiguration;
			buildSettings = {
				ALWAYS_EMBED_SWIFT_STANDARD_LIBRARIES = YES;
				BUNDLE_LOADER = "$(TEST_HOST)";
				CODE_SIGN_STYLE = Automatic;
				FRAMEWORK_SEARCH_PATHS = (
					"$(inherited)",
					"$(PROJECT_DIR)/Carthage/Build/iOS",
				);
				INFOPLIST_FILE = TechBookFestClientTests/Info.plist;
				LD_RUNPATH_SEARCH_PATHS = (
					"$(inherited)",
					"@executable_path/Frameworks",
					"@loader_path/Frameworks",
				);
				PRODUCT_BUNDLE_IDENTIFIER = sho.masegi.TechBookFestClientTests;
				PRODUCT_NAME = "$(TARGET_NAME)";
				SWIFT_VERSION = 5.0;
				TARGETED_DEVICE_FAMILY = "1,2";
				TEST_HOST = "$(BUILT_PRODUCTS_DIR)/TechBookFestClient.app/TechBookFestClient";
			};
			name = Debug;
		};
		D1FF7DD92312DB0600BD2091 /* Release */ = {
			isa = XCBuildConfiguration;
			buildSettings = {
				ALWAYS_EMBED_SWIFT_STANDARD_LIBRARIES = YES;
				BUNDLE_LOADER = "$(TEST_HOST)";
				CODE_SIGN_STYLE = Automatic;
				FRAMEWORK_SEARCH_PATHS = (
					"$(inherited)",
					"$(PROJECT_DIR)/Carthage/Build/iOS",
				);
				INFOPLIST_FILE = TechBookFestClientTests/Info.plist;
				LD_RUNPATH_SEARCH_PATHS = (
					"$(inherited)",
					"@executable_path/Frameworks",
					"@loader_path/Frameworks",
				);
				PRODUCT_BUNDLE_IDENTIFIER = sho.masegi.TechBookFestClientTests;
				PRODUCT_NAME = "$(TARGET_NAME)";
				SWIFT_VERSION = 5.0;
				TARGETED_DEVICE_FAMILY = "1,2";
				TEST_HOST = "$(BUILT_PRODUCTS_DIR)/TechBookFestClient.app/TechBookFestClient";
			};
			name = Release;
		};
		D1FF7DDB2312DB0600BD2091 /* Debug */ = {
			isa = XCBuildConfiguration;
			buildSettings = {
				ALWAYS_EMBED_SWIFT_STANDARD_LIBRARIES = YES;
				CODE_SIGN_STYLE = Automatic;
				INFOPLIST_FILE = TechBookFestClientUITests/Info.plist;
				LD_RUNPATH_SEARCH_PATHS = (
					"$(inherited)",
					"@executable_path/Frameworks",
					"@loader_path/Frameworks",
				);
				PRODUCT_BUNDLE_IDENTIFIER = sho.masegi.TechBookFestClientUITests;
				PRODUCT_NAME = "$(TARGET_NAME)";
				SWIFT_VERSION = 5.0;
				TARGETED_DEVICE_FAMILY = "1,2";
				TEST_TARGET_NAME = TechBookFestClient;
			};
			name = Debug;
		};
		D1FF7DDC2312DB0600BD2091 /* Release */ = {
			isa = XCBuildConfiguration;
			buildSettings = {
				ALWAYS_EMBED_SWIFT_STANDARD_LIBRARIES = YES;
				CODE_SIGN_STYLE = Automatic;
				INFOPLIST_FILE = TechBookFestClientUITests/Info.plist;
				LD_RUNPATH_SEARCH_PATHS = (
					"$(inherited)",
					"@executable_path/Frameworks",
					"@loader_path/Frameworks",
				);
				PRODUCT_BUNDLE_IDENTIFIER = sho.masegi.TechBookFestClientUITests;
				PRODUCT_NAME = "$(TARGET_NAME)";
				SWIFT_VERSION = 5.0;
				TARGETED_DEVICE_FAMILY = "1,2";
				TEST_TARGET_NAME = TechBookFestClient;
			};
			name = Release;
		};
/* End XCBuildConfiguration section */

/* Begin XCConfigurationList section */
		D1FF7DA72312DB0400BD2091 /* Build configuration list for PBXProject "TechBookFestClient" */ = {
			isa = XCConfigurationList;
			buildConfigurations = (
				D1FF7DD22312DB0600BD2091 /* Debug */,
				D1F96DAE231A6C94008260E2 /* Stub */,
				D1FF7DD32312DB0600BD2091 /* Release */,
			);
			defaultConfigurationIsVisible = 0;
			defaultConfigurationName = Stub;
		};
		D1FF7DD42312DB0600BD2091 /* Build configuration list for PBXNativeTarget "TechBookFestClient" */ = {
			isa = XCConfigurationList;
			buildConfigurations = (
				D1FF7DD52312DB0600BD2091 /* Debug */,
				D1F96DAF231A6C94008260E2 /* Stub */,
				D1FF7DD62312DB0600BD2091 /* Release */,
			);
			defaultConfigurationIsVisible = 0;
			defaultConfigurationName = Stub;
		};
		D1FF7DD72312DB0600BD2091 /* Build configuration list for PBXNativeTarget "TechBookFestClientTests" */ = {
			isa = XCConfigurationList;
			buildConfigurations = (
				D1FF7DD82312DB0600BD2091 /* Debug */,
				D1F96DB0231A6C94008260E2 /* Stub */,
				D1FF7DD92312DB0600BD2091 /* Release */,
			);
			defaultConfigurationIsVisible = 0;
			defaultConfigurationName = Stub;
		};
		D1FF7DDA2312DB0600BD2091 /* Build configuration list for PBXNativeTarget "TechBookFestClientUITests" */ = {
			isa = XCConfigurationList;
			buildConfigurations = (
				D1FF7DDB2312DB0600BD2091 /* Debug */,
				D1F96DB1231A6C94008260E2 /* Stub */,
				D1FF7DDC2312DB0600BD2091 /* Release */,
			);
			defaultConfigurationIsVisible = 0;
			defaultConfigurationName = Stub;
		};
/* End XCConfigurationList section */
	};
	rootObject = D1FF7DA42312DB0400BD2091 /* Project object */;
}
